// !$*UTF8*$!
{
	archiveVersion = 1;
	classes = {
	};
	objectVersion = 50;
	objects = {

/* Begin PBXBuildFile section */
		A344BCFC269E113F0051B953 /* AppDelegate.swift in Sources */ = {isa = PBXBuildFile; fileRef = A344BCFB269E113F0051B953 /* AppDelegate.swift */; };
		A344BCFE269E113F0051B953 /* SceneDelegate.swift in Sources */ = {isa = PBXBuildFile; fileRef = A344BCFD269E113F0051B953 /* SceneDelegate.swift */; };
		A344BD00269E113F0051B953 /* ViewController.swift in Sources */ = {isa = PBXBuildFile; fileRef = A344BCFF269E113F0051B953 /* ViewController.swift */; };
		A344BD03269E113F0051B953 /* Main.storyboard in Resources */ = {isa = PBXBuildFile; fileRef = A344BD01269E113F0051B953 /* Main.storyboard */; };
		A344BD05269E11420051B953 /* Assets.xcassets in Resources */ = {isa = PBXBuildFile; fileRef = A344BD04269E11420051B953 /* Assets.xcassets */; };
		A344BD08269E11420051B953 /* LaunchScreen.storyboard in Resources */ = {isa = PBXBuildFile; fileRef = A344BD06269E11420051B953 /* LaunchScreen.storyboard */; };
		A344BD13269E2BCF0051B953 /* Screenshot 2.png in Resources */ = {isa = PBXBuildFile; fileRef = A344BD11269E2BCF0051B953 /* Screenshot 2.png */; };
		A344BD14269E2BCF0051B953 /* Screenshot 1.png in Resources */ = {isa = PBXBuildFile; fileRef = A344BD12269E2BCF0051B953 /* Screenshot 1.png */; };
/* End PBXBuildFile section */

/* Begin PBXFileReference section */
		A344BCF8269E113F0051B953 /* ScanningDocumentApp.app */ = {isa = PBXFileReference; explicitFileType = wrapper.application; includeInIndex = 0; path = ScanningDocumentApp.app; sourceTree = BUILT_PRODUCTS_DIR; };
		A344BCFB269E113F0051B953 /* AppDelegate.swift */ = {isa = PBXFileReference; lastKnownFileType = sourcecode.swift; path = AppDelegate.swift; sourceTree = "<group>"; };
		A344BCFD269E113F0051B953 /* SceneDelegate.swift */ = {isa = PBXFileReference; lastKnownFileType = sourcecode.swift; path = SceneDelegate.swift; sourceTree = "<group>"; };
		A344BCFF269E113F0051B953 /* ViewController.swift */ = {isa = PBXFileReference; lastKnownFileType = sourcecode.swift; path = ViewController.swift; sourceTree = "<group>"; };
		A344BD02269E113F0051B953 /* Base */ = {isa = PBXFileReference; lastKnownFileType = file.storyboard; name = Base; path = Base.lproj/Main.storyboard; sourceTree = "<group>"; };
		A344BD04269E11420051B953 /* Assets.xcassets */ = {isa = PBXFileReference; lastKnownFileType = folder.assetcatalog; path = Assets.xcassets; sourceTree = "<group>"; };
		A344BD07269E11420051B953 /* Base */ = {isa = PBXFileReference; lastKnownFileType = file.storyboard; name = Base; path = Base.lproj/LaunchScreen.storyboard; sourceTree = "<group>"; };
		A344BD09269E11420051B953 /* Info.plist */ = {isa = PBXFileReference; lastKnownFileType = text.plist.xml; path = Info.plist; sourceTree = "<group>"; };
		A344BD11269E2BCF0051B953 /* Screenshot 2.png */ = {isa = PBXFileReference; lastKnownFileType = image.png; path = "Screenshot 2.png"; sourceTree = "<group>"; };
		A344BD12269E2BCF0051B953 /* Screenshot 1.png */ = {isa = PBXFileReference; lastKnownFileType = image.png; path = "Screenshot 1.png"; sourceTree = "<group>"; };
/* End PBXFileReference section */

/* Begin PBXFrameworksBuildPhase section */
		A344BCF5269E113F0051B953 /* Frameworks */ = {
			isa = PBXFrameworksBuildPhase;
			buildActionMask = 2147483647;
			files = (
			);
			runOnlyForDeploymentPostprocessing = 0;
		};
/* End PBXFrameworksBuildPhase section */

/* Begin PBXGroup section */
		A344BCEF269E113F0051B953 = {
			isa = PBXGroup;
			children = (
				A344BCFA269E113F0051B953 /* ScanningDocumentApp */,
				A344BCF9269E113F0051B953 /* Products */,
			);
			sourceTree = "<group>";
		};
		A344BCF9269E113F0051B953 /* Products */ = {
			isa = PBXGroup;
			children = (
				A344BCF8269E113F0051B953 /* ScanningDocumentApp.app */,
			);
			name = Products;
			sourceTree = "<group>";
		};
		A344BCFA269E113F0051B953 /* ScanningDocumentApp */ = {
			isa = PBXGroup;
			children = (
				A344BCFB269E113F0051B953 /* AppDelegate.swift */,
				A344BCFD269E113F0051B953 /* SceneDelegate.swift */,
				A344BCFF269E113F0051B953 /* ViewController.swift */,
				A344BD01269E113F0051B953 /* Main.storyboard */,
				A344BD04269E11420051B953 /* Assets.xcassets */,
				A344BD10269E2BCF0051B953 /* Screenshots */,
				A344BD06269E11420051B953 /* LaunchScreen.storyboard */,
				A344BD09269E11420051B953 /* Info.plist */,
			);
			path = ScanningDocumentApp;
			sourceTree = "<group>";
		};
		A344BD10269E2BCF0051B953 /* Screenshots */ = {
			isa = PBXGroup;
			children = (
				A344BD11269E2BCF0051B953 /* Screenshot 2.png */,
				A344BD12269E2BCF0051B953 /* Screenshot 1.png */,
			);
			path = Screenshots;
			sourceTree = "<group>";
		};
/* End PBXGroup section */

/* Begin PBXNativeTarget section */
		A344BCF7269E113F0051B953 /* ScanningDocumentApp */ = {
			isa = PBXNativeTarget;
			buildConfigurationList = A344BD0C269E11420051B953 /* Build configuration list for PBXNativeTarget "ScanningDocumentApp" */;
			buildPhases = (
				A344BCF4269E113F0051B953 /* Sources */,
				A344BCF5269E113F0051B953 /* Frameworks */,
				A344BCF6269E113F0051B953 /* Resources */,
			);
			buildRules = (
			);
			dependencies = (
			);
			name = ScanningDocumentApp;
			productName = ScanningDocumentApp;
			productReference = A344BCF8269E113F0051B953 /* ScanningDocumentApp.app */;
			productType = "com.apple.product-type.application";
		};
/* End PBXNativeTarget section */

/* Begin PBXProject section */
		A344BCF0269E113F0051B953 /* Project object */ = {
			isa = PBXProject;
			attributes = {
				LastSwiftUpdateCheck = 1240;
				LastUpgradeCheck = 1240;
				TargetAttributes = {
					A344BCF7269E113F0051B953 = {
						CreatedOnToolsVersion = 12.4;
					};
				};
			};
			buildConfigurationList = A344BCF3269E113F0051B953 /* Build configuration list for PBXProject "ScanningDocumentApp" */;
			compatibilityVersion = "Xcode 9.3";
			developmentRegion = en;
			hasScannedForEncodings = 0;
			knownRegions = (
				en,
				Base,
			);
			mainGroup = A344BCEF269E113F0051B953;
			productRefGroup = A344BCF9269E113F0051B953 /* Products */;
			projectDirPath = "";
			projectRoot = "";
			targets = (
				A344BCF7269E113F0051B953 /* ScanningDocumentApp */,
			);
		};
/* End PBXProject section */

/* Begin PBXResourcesBuildPhase section */
		A344BCF6269E113F0051B953 /* Resources */ = {
			isa = PBXResourcesBuildPhase;
			buildActionMask = 2147483647;
			files = (
				A344BD08269E11420051B953 /* LaunchScreen.storyboard in Resources */,
				A344BD05269E11420051B953 /* Assets.xcassets in Resources */,
				A344BD03269E113F0051B953 /* Main.storyboard in Resources */,
				A344BD14269E2BCF0051B953 /* Screenshot 1.png in Resources */,
				A344BD13269E2BCF0051B953 /* Screenshot 2.png in Resources */,
			);
			runOnlyForDeploymentPostprocessing = 0;
		};
/* End PBXResourcesBuildPhase section */

/* Begin PBXSourcesBuildPhase section */
		A344BCF4269E113F0051B953 /* Sources */ = {
			isa = PBXSourcesBuildPhase;
			buildActionMask = 2147483647;
			files = (
				A344BD00269E113F0051B953 /* ViewController.swift in Sources */,
				A344BCFC269E113F0051B953 /* AppDelegate.swift in Sources */,
				A344BCFE269E113F0051B953 /* SceneDelegate.swift in Sources */,
			);
			runOnlyForDeploymentPostprocessing = 0;
		};
/* End PBXSourcesBuildPhase section */

/* Begin PBXVariantGroup section */
		A344BD01269E113F0051B953 /* Main.storyboard */ = {
			isa = PBXVariantGroup;
			children = (
				A344BD02269E113F0051B953 /* Base */,
			);
			name = Main.storyboard;
			sourceTree = "<group>";
		};
		A344BD06269E11420051B953 /* LaunchScreen.storyboard */ = {
			isa = PBXVariantGroup;
			children = (
				A344BD07269E11420051B953 /* Base */,
			);
			name = LaunchScreen.storyboard;
			sourceTree = "<group>";
		};
/* End PBXVariantGroup section */

/* Begin XCBuildConfiguration section */
		A344BD0A269E11420051B953 /* Debug */ = {
			isa = XCBuildConfiguration;
			buildSettings = {
				ALWAYS_SEARCH_USER_PATHS = NO;
				CLANG_ANALYZER_NONNULL = YES;
				CLANG_ANALYZER_NUMBER_OBJECT_CONVERSION = YES_AGGRESSIVE;
				CLANG_CXX_LANGUAGE_STANDARD = "gnu++14";
				CLANG_CXX_LIBRARY = "libc++";
				CLANG_ENABLE_MODULES = YES;
				CLANG_ENABLE_OBJC_ARC = YES;
				CLANG_ENABLE_OBJC_WEAK = YES;
				CLANG_WARN_BLOCK_CAPTURE_AUTORELEASING = YES;
				CLANG_WARN_BOOL_CONVERSION = YES;
				CLANG_WARN_COMMA = YES;
				CLANG_WARN_CONSTANT_CONVERSION = YES;
				CLANG_WARN_DEPRECATED_OBJC_IMPLEMENTATIONS = YES;
				CLANG_WARN_DIRECT_OBJC_ISA_USAGE = YES_ERROR;
				CLANG_WARN_DOCUMENTATION_COMMENTS = YES;
				CLANG_WARN_EMPTY_BODY = YES;
				CLANG_WARN_ENUM_CONVERSION = YES;
				CLANG_WARN_INFINITE_RECURSION = YES;
				CLANG_WARN_INT_CONVERSION = YES;
				CLANG_WARN_NON_LITERAL_NULL_CONVERSION = YES;
				CLANG_WARN_OBJC_IMPLICIT_RETAIN_SELF = YES;
				CLANG_WARN_OBJC_LITERAL_CONVERSION = YES;
				CLANG_WARN_OBJC_ROOT_CLASS = YES_ERROR;
				CLANG_WARN_QUOTED_INCLUDE_IN_FRAMEWORK_HEADER = YES;
				CLANG_WARN_RANGE_LOOP_ANALYSIS = YES;
				CLANG_WARN_STRICT_PROTOTYPES = YES;
				CLANG_WARN_SUSPICIOUS_MOVE = YES;
				CLANG_WARN_UNGUARDED_AVAILABILITY = YES_AGGRESSIVE;
				CLANG_WARN_UNREACHABLE_CODE = YES;
				CLANG_WARN__DUPLICATE_METHOD_MATCH = YES;
				COPY_PHASE_STRIP = NO;
				DEBUG_INFORMATION_FORMAT = dwarf;
				ENABLE_STRICT_OBJC_MSGSEND = YES;
				ENABLE_TESTABILITY = YES;
				GCC_C_LANGUAGE_STANDARD = gnu11;
				GCC_DYNAMIC_NO_PIC = NO;
				GCC_NO_COMMON_BLOCKS = YES;
				GCC_OPTIMIZATION_LEVEL = 0;
				GCC_PREPROCESSOR_DEFINITIONS = (
					"DEBUG=1",
					"$(inherited)",
				);
				GCC_WARN_64_TO_32_BIT_CONVERSION = YES;
				GCC_WARN_ABOUT_RETURN_TYPE = YES_ERROR;
				GCC_WARN_UNDECLARED_SELECTOR = YES;
				GCC_WARN_UNINITIALIZED_AUTOS = YES_AGGRESSIVE;
				GCC_WARN_UNUSED_FUNCTION = YES;
				GCC_WARN_UNUSED_VARIABLE = YES;
				IPHONEOS_DEPLOYMENT_TARGET = 14.4;
				MTL_ENABLE_DEBUG_INFO = INCLUDE_SOURCE;
				MTL_FAST_MATH = YES;
				ONLY_ACTIVE_ARCH = YES;
				SDKROOT = iphoneos;
				SWIFT_ACTIVE_COMPILATION_CONDITIONS = DEBUG;
				SWIFT_OPTIMIZATION_LEVEL = "-Onone";
			};
			name = Debug;
		};
		A344BD0B269E11420051B953 /* Release */ = {
			isa = XCBuildConfiguration;
			buildSettings = {
				ALWAYS_SEARCH_USER_PATHS = NO;
				CLANG_ANALYZER_NONNULL = YES;
				CLANG_ANALYZER_NUMBER_OBJECT_CONVERSION = YES_AGGRESSIVE;
				CLANG_CXX_LANGUAGE_STANDARD = "gnu++14";
				CLANG_CXX_LIBRARY = "libc++";
				CLANG_ENABLE_MODULES = YES;
				CLANG_ENABLE_OBJC_ARC = YES;
				CLANG_ENABLE_OBJC_WEAK = YES;
				CLANG_WARN_BLOCK_CAPTURE_AUTORELEASING = YES;
				CLANG_WARN_BOOL_CONVERSION = YES;
				CLANG_WARN_COMMA = YES;
				CLANG_WARN_CONSTANT_CONVERSION = YES;
				CLANG_WARN_DEPRECATED_OBJC_IMPLEMENTATIONS = YES;
				CLANG_WARN_DIRECT_OBJC_ISA_USAGE = YES_ERROR;
				CLANG_WARN_DOCUMENTATION_COMMENTS = YES;
				CLANG_WARN_EMPTY_BODY = YES;
				CLANG_WARN_ENUM_CONVERSION = YES;
				CLANG_WARN_INFINITE_RECURSION = YES;
				CLANG_WARN_INT_CONVERSION = YES;
				CLANG_WARN_NON_LITERAL_NULL_CONVERSION = YES;
				CLANG_WARN_OBJC_IMPLICIT_RETAIN_SELF = YES;
				CLANG_WARN_OBJC_LITERAL_CONVERSION = YES;
				CLANG_WARN_OBJC_ROOT_CLASS = YES_ERROR;
				CLANG_WARN_QUOTED_INCLUDE_IN_FRAMEWORK_HEADER = YES;
				CLANG_WARN_RANGE_LOOP_ANALYSIS = YES;
				CLANG_WARN_STRICT_PROTOTYPES = YES;
				CLANG_WARN_SUSPICIOUS_MOVE = YES;
				CLANG_WARN_UNGUARDED_AVAILABILITY = YES_AGGRESSIVE;
				CLANG_WARN_UNREACHABLE_CODE = YES;
				CLANG_WARN__DUPLICATE_METHOD_MATCH = YES;
				COPY_PHASE_STRIP = NO;
				DEBUG_INFORMATION_FORMAT = "dwarf-with-dsym";
				ENABLE_NS_ASSERTIONS = NO;
				ENABLE_STRICT_OBJC_MSGSEND = YES;
				GCC_C_LANGUAGE_STANDARD = gnu11;
				GCC_NO_COMMON_BLOCKS = YES;
				GCC_WARN_64_TO_32_BIT_CONVERSION = YES;
				GCC_WARN_ABOUT_RETURN_TYPE = YES_ERROR;
				GCC_WARN_UNDECLARED_SELECTOR = YES;
				GCC_WARN_UNINITIALIZED_AUTOS = YES_AGGRESSIVE;
				GCC_WARN_UNUSED_FUNCTION = YES;
				GCC_WARN_UNUSED_VARIABLE = YES;
				IPHONEOS_DEPLOYMENT_TARGET = 14.4;
				MTL_ENABLE_DEBUG_INFO = NO;
				MTL_FAST_MATH = YES;
				SDKROOT = iphoneos;
				SWIFT_COMPILATION_MODE = wholemodule;
				SWIFT_OPTIMIZATION_LEVEL = "-O";
				VALIDATE_PRODUCT = YES;
			};
			name = Release;
		};
		A344BD0D269E11420051B953 /* Debug */ = {
			isa = XCBuildConfiguration;
			buildSettings = {
				ASSETCATALOG_COMPILER_APPICON_NAME = AppIcon;
				ASSETCATALOG_COMPILER_GLOBAL_ACCENT_COLOR_NAME = AccentColor;
				CODE_SIGN_STYLE = Automatic;
				DEVELOPMENT_TEAM = GN62DQ3ZM4;
				INFOPLIST_FILE = ScanningDocumentApp/Info.plist;
				LD_RUNPATH_SEARCH_PATHS = (
					"$(inherited)",
					"@executable_path/Frameworks",
				);
				PRODUCT_BUNDLE_IDENTIFIER = VPorg.ScanningDocumentApp;
				PRODUCT_NAME = "$(TARGET_NAME)";
				SWIFT_VERSION = 5.0;
				TARGETED_DEVICE_FAMILY = "1,2";
			};
			name = Debug;
		};
		A344BD0E269E11420051B953 /* Release */ = {
			isa = XCBuildConfiguration;
			buildSettings = {
				ASSETCATALOG_COMPILER_APPICON_NAME = AppIcon;
				ASSETCATALOG_COMPILER_GLOBAL_ACCENT_COLOR_NAME = AccentColor;
				CODE_SIGN_STYLE = Automatic;
				DEVELOPMENT_TEAM = GN62DQ3ZM4;
				INFOPLIST_FILE = ScanningDocumentApp/Info.plist;
				LD_RUNPATH_SEARCH_PATHS = (
					"$(inherited)",
					"@executable_path/Frameworks",
				);
				PRODUCT_BUNDLE_IDENTIFIER = VPorg.ScanningDocumentApp;
				PRODUCT_NAME = "$(TARGET_NAME)";
				SWIFT_VERSION = 5.0;
				TARGETED_DEVICE_FAMILY = "1,2";
			};
			name = Release;
		};
/* End XCBuildConfiguration section */

/* Begin XCConfigurationList section */
		A344BCF3269E113F0051B953 /* Build configuration list for PBXProject "ScanningDocumentApp" */ = {
			isa = XCConfigurationList;
			buildConfigurations = (
				A344BD0A269E11420051B953 /* Debug */,
				A344BD0B269E11420051B953 /* Release */,
			);
			defaultConfigurationIsVisible = 0;
			defaultConfigurationName = Release;
		};
		A344BD0C269E11420051B953 /* Build configuration list for PBXNativeTarget "ScanningDocumentApp" */ = {
			isa = XCConfigurationList;
			buildConfigurations = (
				A344BD0D269E11420051B953 /* Debug */,
				A344BD0E269E11420051B953 /* Release */,
			);
			defaultConfigurationIsVisible = 0;
			defaultConfigurationName = Release;
		};
/* End XCConfigurationList section */
	};
	rootObject = A344BCF0269E113F0051B953 /* Project object */;
}
